
Microsoft Visual Studio Solution File, Format Version 12.00
# Visual Studio Version 17
VisualStudioVersion = 17.6.33815.320
MinimumVisualStudioVersion = 10.0.40219.1
Project("{FAE04EC0-301F-11D3-BF4B-00C04F79EFBC}") = "Entities", "Entities\Entities.csproj", "{37A8D5A3-78DE-42AD-94BC-701E3B98ACA7}"
EndProject
Project("{FAE04EC0-301F-11D3-BF4B-00C04F79EFBC}") = "DataAccess", "DataAccess\DataAccess.csproj", "{32A54041-6F1B-4D24-AE1C-605DA381E425}"
EndProject
Project("{FAE04EC0-301F-11D3-BF4B-00C04F79EFBC}") = "Console", "Console\Console.csproj", "{FACD1B92-6AB7-498F-A819-B04A597652AF}"
EndProject
Project("{FAE04EC0-301F-11D3-BF4B-00C04F79EFBC}") = "Business", "Business\Business.csproj", "{3B1F1256-682F-483F-A64E-4B6DD32622B4}"
EndProject
Global
	GlobalSection(SolutionConfigurationPlatforms) = preSolution
		Debug|Any CPU = Debug|Any CPU
		Release|Any CPU = Release|Any CPU
	EndGlobalSection
	GlobalSection(ProjectConfigurationPlatforms) = postSolution
		{37A8D5A3-78DE-42AD-94BC-701E3B98ACA7}.Debug|Any CPU.ActiveCfg = Debug|Any CPU
		{37A8D5A3-78DE-42AD-94BC-701E3B98ACA7}.Debug|Any CPU.Build.0 = Debug|Any CPU
		{37A8D5A3-78DE-42AD-94BC-701E3B98ACA7}.Release|Any CPU.ActiveCfg = Release|Any CPU
		{37A8D5A3-78DE-42AD-94BC-701E3B98ACA7}.Release|Any CPU.Build.0 = Release|Any CPU
		{32A54041-6F1B-4D24-AE1C-605DA381E425}.Debug|Any CPU.ActiveCfg = Debug|Any CPU
		{32A54041-6F1B-4D24-AE1C-605DA381E425}.Debug|Any CPU.Build.0 = Debug|Any CPU
		{32A54041-6F1B-4D24-AE1C-605DA381E425}.Release|Any CPU.ActiveCfg = Release|Any CPU
		{32A54041-6F1B-4D24-AE1C-605DA381E425}.Release|Any CPU.Build.0 = Release|Any CPU
		{FACD1B92-6AB7-498F-A819-B04A597652AF}.Debug|Any CPU.ActiveCfg = Debug|Any CPU
		{FACD1B92-6AB7-498F-A819-B04A597652AF}.Debug|Any CPU.Build.0 = Debug|Any CPU
		{FACD1B92-6AB7-498F-A819-B04A597652AF}.Release|Any CPU.ActiveCfg = Release|Any CPU
		{FACD1B92-6AB7-498F-A819-B04A597652AF}.Release|Any CPU.Build.0 = Release|Any CPU
		{3B1F1256-682F-483F-A64E-4B6DD32622B4}.Debug|Any CPU.ActiveCfg = Debug|Any CPU
		{3B1F1256-682F-483F-A64E-4B6DD32622B4}.Debug|Any CPU.Build.0 = Debug|Any CPU
		{3B1F1256-682F-483F-A64E-4B6DD32622B4}.Release|Any CPU.ActiveCfg = Release|Any CPU
		{3B1F1256-682F-483F-A64E-4B6DD32622B4}.Release|Any CPU.Build.0 = Release|Any CPU
	EndGlobalSection
	GlobalSection(SolutionProperties) = preSolution
		HideSolutionNode = FALSE
	EndGlobalSection
	GlobalSection(ExtensibilityGlobals) = postSolution
		SolutionGuid = {333EE9D6-2C04-47EB-9505-CF664792677C}
	EndGlobalSection
EndGlobal
